{
  "version": "2",
  "remote": {
    "https://deno.land/std@0.141.0/_util/assert.ts": "e94f2eb37cebd7f199952e242c77654e43333c1ac4c5c700e929ea3aa5489f74",
    "https://deno.land/std@0.141.0/bytes/bytes_list.ts": "67eb118e0b7891d2f389dad4add35856f4ad5faab46318ff99653456c23b025d",
    "https://deno.land/std@0.141.0/bytes/equals.ts": "fc16dff2090cced02497f16483de123dfa91e591029f985029193dfaa9d894c9",
    "https://deno.land/std@0.141.0/bytes/mod.ts": "763f97d33051cc3f28af1a688dfe2830841192a9fea0cbaa55f927b49d49d0bf",
    "https://deno.land/std@0.141.0/fmt/colors.ts": "30455035d6d728394781c10755351742dd731e3db6771b1843f9b9e490104d37",
    "https://deno.land/std@0.141.0/io/buffer.ts": "bd0c4bf53db4b4be916ca5963e454bddfd3fcd45039041ea161dbf826817822b",
    "https://deno.land/std@0.141.0/io/types.d.ts": "01f60ae7ec02675b5dbed150d258fc184a78dfe5c209ef53ba4422b46b58822c",
    "https://deno.land/std@0.141.0/streams/conversion.ts": "8268f3f1a43324953dd8e9e4e31adb42e3caddb4502433bde03c279e43d70a3b",
    "https://deno.land/std@0.160.0/_util/assert.ts": "e94f2eb37cebd7f199952e242c77654e43333c1ac4c5c700e929ea3aa5489f74",
    "https://deno.land/std@0.160.0/_util/os.ts": "8a33345f74990e627b9dfe2de9b040004b08ea5146c7c9e8fe9a29070d193934",
    "https://deno.land/std@0.160.0/bytes/bytes_list.ts": "aba5e2369e77d426b10af1de0dcc4531acecec27f9b9056f4f7bfbf8ac147ab4",
    "https://deno.land/std@0.160.0/bytes/equals.ts": "3c3558c3ae85526f84510aa2b48ab2ad7bdd899e2e0f5b7a8ffc85acb3a6043a",
    "https://deno.land/std@0.160.0/bytes/mod.ts": "b2e342fd3669176a27a4e15061e9d588b89c1aaf5008ab71766e23669565d179",
    "https://deno.land/std@0.160.0/encoding/base64.ts": "c57868ca7fa2fbe919f57f88a623ad34e3d970d675bdc1ff3a9d02bba7409db2",
    "https://deno.land/std@0.160.0/flags/mod.ts": "686b6b36e14b00f11c9e26cecf439021158436a6e34f60eeb0d927f0b169ae20",
    "https://deno.land/std@0.160.0/fmt/colors.ts": "9e36a716611dcd2e4865adea9c4bec916b5c60caad4cdcdc630d4974e6bb8bd4",
    "https://deno.land/std@0.160.0/io/buffer.ts": "fae02290f52301c4e0188670e730cd902f9307fb732d79c4aa14ebdc82497289",
    "https://deno.land/std@0.160.0/io/mod.ts": "6e781ebafd5cdccf9ab4afa1f499b08c513602d023cb08ceebc58758501f78bd",
    "https://deno.land/std@0.160.0/io/readers.ts": "45847ad404afd2f605eae1cff193f223462bc55eeb9ae313c2f3db28aada0fd6",
    "https://deno.land/std@0.160.0/io/types.d.ts": "107e1e64834c5ba917c783f446b407d33432c5d612c4b3430df64fc2b4ecf091",
    "https://deno.land/std@0.160.0/io/util.ts": "23e706b4b6a3ebb34af00ad74d7549d906f3211fc98c1fba1185a36e017fb727",
    "https://deno.land/std@0.160.0/io/writers.ts": "2e1c63ffd0cfba411b1fd8374609abff9ea86187c9d4d885d42e6fc20325ef0e",
    "https://deno.land/std@0.160.0/path/_constants.ts": "df1db3ffa6dd6d1252cc9617e5d72165cd2483df90e93833e13580687b6083c3",
    "https://deno.land/std@0.160.0/path/_interface.ts": "ee3b431a336b80cf445441109d089b70d87d5e248f4f90ff906820889ecf8d09",
    "https://deno.land/std@0.160.0/path/_util.ts": "d16be2a16e1204b65f9d0dfc54a9bc472cafe5f4a190b3c8471ec2016ccd1677",
    "https://deno.land/std@0.160.0/path/common.ts": "bee563630abd2d97f99d83c96c2fa0cca7cee103e8cb4e7699ec4d5db7bd2633",
    "https://deno.land/std@0.160.0/path/glob.ts": "cb5255638de1048973c3e69e420c77dc04f75755524cb3b2e160fe9277d939ee",
    "https://deno.land/std@0.160.0/path/mod.ts": "56fec03ad0ebd61b6ab39ddb9b0ddb4c4a5c9f2f4f632e09dd37ec9ebfd722ac",
    "https://deno.land/std@0.160.0/path/posix.ts": "6b63de7097e68c8663c84ccedc0fd977656eb134432d818ecd3a4e122638ac24",
    "https://deno.land/std@0.160.0/path/separator.ts": "fe1816cb765a8068afb3e8f13ad272351c85cbc739af56dacfc7d93d710fe0f9",
    "https://deno.land/std@0.160.0/path/win32.ts": "ee8826dce087d31c5c81cd414714e677eb68febc40308de87a2ce4b40e10fb8d",
    "https://deno.land/std@0.160.0/testing/_diff.ts": "a23e7fc2b4d8daa3e158fa06856bedf5334ce2a2831e8bf9e509717f455adb2c",
    "https://deno.land/std@0.160.0/testing/_format.ts": "cd11136e1797791045e639e9f0f4640d5b4166148796cad37e6ef75f7d7f3832",
    "https://deno.land/std@0.160.0/testing/asserts.ts": "1e340c589853e82e0807629ba31a43c84ebdcdeca910c4a9705715dfdb0f5ce8",
    "https://deno.land/std@0.160.0/uuid/_common.ts": "76e1fdfb03aecf733f7b3a5edc900f5734f2433b359fdb1535f8de72873bdb3f",
    "https://deno.land/std@0.160.0/uuid/mod.ts": "e57ba10200d75f2b17570f13eba19faa6734b1be2da5091e2c01039df41274a5",
    "https://deno.land/std@0.160.0/uuid/v1.ts": "7123410ef9ce980a4f2e54a586ccde5ed7063f6f119a70d86eebd92f8e100295",
    "https://deno.land/std@0.160.0/uuid/v4.ts": "3e983c6ac895ea2a7ba03da927a2438fe1c26ac43fb38dc44f2f8aa50c23cb53",
    "https://deno.land/std@0.160.0/uuid/v5.ts": "43973aeda44ad212f2ec9b8d6c042b74d5cef4ce583d6aa6fc4cdb339344c74c",
    "https://deno.land/x/another_cookiejar@v4.1.4/cookie.ts": "72d6a6633ea13dd2f13b53d9726735b194996353a958024072c4d6b077c97baf",
    "https://deno.land/x/another_cookiejar@v4.1.4/cookie_jar.ts": "9accd36e76929f2f06fa710d2165fb544703617245fa36ac63560b9fa2a22a25",
    "https://deno.land/x/another_cookiejar@v4.1.4/fetch_wrapper.ts": "d8918c0776413b2d4a675415727973390b4401a026f6dfdcffedce3296b5e0dc",
    "https://deno.land/x/another_cookiejar@v4.1.4/mod.ts": "eff949014965771f2cd447fe78625a1ad28b59333afa40640f02c0922534d89a",
    "https://deno.land/x/msgpack@v1.4/CachedKeyDecoder.ts": "c39b6f1572902ae08c0e4971f639e81031ac59403957fc43c6fb3c7fe69d99a1",
    "https://deno.land/x/msgpack@v1.4/Decoder.ts": "bdb68309cd51da2b9a897f269784c6d636796258838a97f25b0e1b399c6f369b",
    "https://deno.land/x/msgpack@v1.4/Encoder.ts": "4852bbacb30cd66eb2bd61a9e20476802458b991e13aacb5eb984d0348247ffe",
    "https://deno.land/x/msgpack@v1.4/ExtData.ts": "8d97fe43568e119a1eeb93e1ef1c431e0a24e392fb0c6ffed775aac1e579f244",
    "https://deno.land/x/msgpack@v1.4/ExtensionCodec.ts": "e8a24eb1786156239f589cc3058c8ff3d79ed393f420c40fdf7a93df943c91f2",
    "https://deno.land/x/msgpack@v1.4/context.ts": "6228de10854dbadf6aef096960af0115214078ec3784eca4565587769fde3d1c",
    "https://deno.land/x/msgpack@v1.4/decode.ts": "c808aeec46f6d0e5b28d0bbacd40e78d0a3614b229368c70db2e53c03f7555ca",
    "https://deno.land/x/msgpack@v1.4/decodeAsync.ts": "19e4f33ba0cc8d200b857deb9721bace863c0e89f7bff73e2b04379e4ee85bad",
    "https://deno.land/x/msgpack@v1.4/encode.ts": "c5598f8eec9efcbd0ef07f246ade049a8f4906703cdb601baf03b2774b293916",
    "https://deno.land/x/msgpack@v1.4/mod.ts": "c28290db26b1ea027e1798085fd6c8055685ea086f1418d54a33542b285633c9",
    "https://deno.land/x/msgpack@v1.4/timestamp.ts": "5169949efe39bc24f58cd5dcaae682cdf5353c762a54abf9ae6e18c8d9feb648",
    "https://deno.land/x/msgpack@v1.4/utils/int.ts": "b08743982f954d2dd7f4f11d868019576b63cb8147d8acc1bce3843f39398188",
    "https://deno.land/x/msgpack@v1.4/utils/prettyByte.ts": "35c8104d57ba2a727056beaf1063bbe941d512cdd23ce6b04d7c5b44dafcd46e",
    "https://deno.land/x/msgpack@v1.4/utils/stream.ts": "1315e29af5c1a40d97bfa6f1c4f7f73d26067b912236f56851981f2f049500b8",
    "https://deno.land/x/msgpack@v1.4/utils/typedArrays.ts": "bb819c2f28cf7f85ed50b2e57f108462715555cc61ce315e8134cf1eef2ae662",
    "https://deno.land/x/msgpack@v1.4/utils/utf8.ts": "93183055a7a41986080eeb711e83d553e7c8b121642da4379a5adf253b7beefd",
    "https://deno.land/x/murmurhash@v1.0.0/mod.ts": "13fd2c5534dfd22ffbfcd4255ea13e47a2f2b99e9c90a83dc43e814a0e278829",
    "https://deno.land/x/progress@v1.2.8/deps.ts": "e0abdc972a0c152508b28ced5ae9c4be26a5773f0aa4a3caa72371c84d2e28a2",
    "https://deno.land/x/progress@v1.2.8/mod.ts": "5ef7c7ff079d71effed5055666af81cc58a566bc98e2df8473526bd6457976c5",
    "https://deno.land/x/progress@v1.2.8/multi.ts": "392553552243204539d83ee53cadda990db20b1b421520411318ff9bd0320646",
    "https://deno.land/x/semaphore@v1.1.1/mod.ts": "431abb51927a16c537cec1cfb05bf2de6a8f3916331f1ec3f9f13ad7ad6a4ea5",
    "https://deno.land/x/semaphore@v1.1.1/mutex.ts": "2cc6490481f0fdfe97c6b326a2073819d76b76eac3877864a8ada6a2127492f2",
    "https://deno.land/x/semaphore@v1.1.1/semaphore.ts": "0acf1159d635fa3b9198a4ad4acac9e877d79196601aa80544ac0db5a71c646d",
    "https://deno.land/x/ts_essentials@v9.1.2/lib/functions.ts": "20681c98ce82d503dba56f5ef9313c196f18a2317ce7c0c331cc3fdea0d56688",
    "https://deno.land/x/ts_essentials@v9.1.2/lib/literal-types/mod.ts": "c1b9e16a7e49814e9509bed8a5dec25b717761a37d0ef1589d411bd6130dd2e5",
    "https://deno.land/x/ts_essentials@v9.1.2/lib/mod.ts": "d7e44a25aa621425ffd118a0210a492c5c354411018e2db648a68614d5901f5b",
    "https://deno.land/x/ts_essentials@v9.1.2/lib/types.ts": "7ee99797a880948c07020e90d569ca3c5d465c378949262110283aa7856f5603",
    "https://deno.land/x/ts_essentials@v9.1.2/mod.ts": "ffae461c16d4a1bf24c2179582ab8d5c81ad0df61e4ae2fba51ef5e5bdf90345",
    "https://esm.sh/ajv@8.11.2/dist/jtd?pin=v99": "5cd03665c4738b00a1e8978a3cbfd4240964cb9054eb54060d0637cf453d38e1",
    "https://esm.sh/v99/ajv@8.11.2/deno/dist/compile.js": "7eb71cb46bb637f3372f684fa065138b09516da07e041038fa86c7167e3e58a2",
    "https://esm.sh/v99/ajv@8.11.2/deno/dist/compile/codegen.js": "3481e9a042ca65e7eab02d10ae99379de782a7126e8b784fcf0ffd286897252d",
    "https://esm.sh/v99/ajv@8.11.2/deno/dist/compile/codegen/code.js": "64b120ec01c14b9b3c8315bf91e81865cb8c18f2068f7712f08e36759d9cd232",
    "https://esm.sh/v99/ajv@8.11.2/deno/dist/compile/codegen/scope.js": "7f929c0bca1046c05a6364e222b1a4c794c3b17db5147dfab885c8264af4d358",
    "https://esm.sh/v99/ajv@8.11.2/deno/dist/compile/errors.js": "b6813119202f02eb5c885097fb142f3fe2badf63d031698ec92e78ebe9678ffc",
    "https://esm.sh/v99/ajv@8.11.2/deno/dist/compile/jtd/parse.js": "c8281645cd0455802c9d22f53b4247ff1b13a6f540b67577645dbabc709b92ef",
    "https://esm.sh/v99/ajv@8.11.2/deno/dist/compile/jtd/serialize.js": "9465b88ff9a26a49a7853948cf1b48cbce24442e3e2cef31b33bf32116289347",
    "https://esm.sh/v99/ajv@8.11.2/deno/dist/compile/jtd/types.js": "de4532dceb170a007e1f2025284c7fab9b156813b28ee1fcb761d6cfdf9d2462",
    "https://esm.sh/v99/ajv@8.11.2/deno/dist/compile/names.js": "1490ac57e4a26dd634fc2382342cb54ee0735ded34ecfa54c5c8bc1b0b22fa1c",
    "https://esm.sh/v99/ajv@8.11.2/deno/dist/compile/ref_error.js": "e4e88325a7468b25a50f746e3f7f5f37537bcf17bf9f166509dc03abf102d95a",
    "https://esm.sh/v99/ajv@8.11.2/deno/dist/compile/resolve.js": "2a01ab2ed8fa0e31a0ba31d305a637505bc4627765f8c812ab55d5ce07be2b74",
    "https://esm.sh/v99/ajv@8.11.2/deno/dist/compile/rules.js": "964fbdc046c417008d82e7dedb7a71483ba5d61b5ef65f9afbe6a69f21866495",
    "https://esm.sh/v99/ajv@8.11.2/deno/dist/compile/util.js": "2bc9dab40c059c3dedc0248b9d5f38519116dd00b2ec4fe19f7d82059236a20c",
    "https://esm.sh/v99/ajv@8.11.2/deno/dist/compile/validate.js": "d753798906e35fd9a2ccd10e102f93cf0dba3a3055f3884780bacc4549610fd8",
    "https://esm.sh/v99/ajv@8.11.2/deno/dist/compile/validate/applicability.js": "68d0c2dd50393c53c9dc00169cd740a8799d85b902dae93c030fb35e7fc5f8ee",
    "https://esm.sh/v99/ajv@8.11.2/deno/dist/compile/validate/boolSchema.js": "8f1ac13e5ef836af71fac5d7e94c0a5f161db3e11bf846e9ef1293e6444f179f",
    "https://esm.sh/v99/ajv@8.11.2/deno/dist/compile/validate/dataType.js": "b0ac4473725b7c3704f327430747bd595d1d926cb348e8750f16ba5cfce984aa",
    "https://esm.sh/v99/ajv@8.11.2/deno/dist/compile/validate/defaults.js": "2b41fed74ef7266b0d3d42ea74a22bc409557e82b7d40e3a8dbd3a563d807d44",
    "https://esm.sh/v99/ajv@8.11.2/deno/dist/compile/validate/keyword.js": "668335f35549ea7bdd76d51fde4eee6b7c71ad3e8979faaddfeddd4cba954979",
    "https://esm.sh/v99/ajv@8.11.2/deno/dist/compile/validate/subschema.js": "304059d7430abab5235909d282688c2ace1b24d12dc5939d7b643465b8b2e2af",
    "https://esm.sh/v99/ajv@8.11.2/deno/dist/core.js": "375950bd6522b85141b24c226eec89f01e06d4b00a23683d7aa128c498efa290",
    "https://esm.sh/v99/ajv@8.11.2/deno/dist/jtd.js": "d4d0b7a198906b35b403ff575278b6d9dea1c893d2024c038f7c07f1cde6652d",
    "https://esm.sh/v99/ajv@8.11.2/deno/dist/refs/data.json.js": "244739f7186b975db2af8490480a2f9168cfb460d800ce1119ab966fae9aa628",
    "https://esm.sh/v99/ajv@8.11.2/deno/dist/refs/jtd-schema.js": "57e5257bfb7eeb3e1a39b77036bb358b93357caff9d85a9bcb6a0061d3eeb811",
    "https://esm.sh/v99/ajv@8.11.2/deno/dist/runtime/parseJson.js": "1ef1340cb73209d9f45b1f384b7285c3c10b8d3446b594a61d5e99d9b36fd944",
    "https://esm.sh/v99/ajv@8.11.2/deno/dist/runtime/quote.js": "26a9d3c028a0657444d9d3488f92e3a8568dbdf176e99c3c7977ab2fc6ffc4c3",
    "https://esm.sh/v99/ajv@8.11.2/deno/dist/runtime/timestamp.js": "e380e365988d624d5b320308651accac96ce5a4a74c653d926378680224421ea",
    "https://esm.sh/v99/ajv@8.11.2/deno/dist/runtime/uri.js": "b5eca3a783db0b684c085a550aa9ed57fb6a666eb883eec2441589a1acd6c3ec",
    "https://esm.sh/v99/ajv@8.11.2/deno/dist/runtime/validation_error.js": "461f33b149494e236482515544b1cd5024ac070b7f94cdf32359b0614d0c4ca9",
    "https://esm.sh/v99/ajv@8.11.2/deno/dist/vocabularies/code.js": "72c111e2159a9c97cb36c5bd3d1b599c7f487716828df8bd9e2d2fa0512d0b7b",
    "https://esm.sh/v99/ajv@8.11.2/deno/dist/vocabularies/core/ref.js": "5cd0792b2e568c2cc35377f95431351cfb8cd074d3ba0d5cccc72eb9db204b1c",
    "https://esm.sh/v99/ajv@8.11.2/deno/dist/vocabularies/discriminator/types.js": "21588420f2f97066191898cda7544d86364c29ee015e91ee9a3e7b466629682f",
    "https://esm.sh/v99/ajv@8.11.2/deno/dist/vocabularies/jtd.js": "7299c2fe0bd8e853c5c6eda52c14ba04362a67b8ea0ef036e47d7e8ba2b11682",
    "https://esm.sh/v99/ajv@8.11.2/deno/dist/vocabularies/jtd/discriminator.js": "e6fe20b28ee317e6b45f8a1f67bc725519d47e7f72e8cfc9fc4adda6d9f881e7",
    "https://esm.sh/v99/ajv@8.11.2/deno/dist/vocabularies/jtd/elements.js": "08e1ac401b2ac955d93de5eaa6171cf56f2df192fb2c828097a4f9ed528d05c8",
    "https://esm.sh/v99/ajv@8.11.2/deno/dist/vocabularies/jtd/enum.js": "48eb8bbbdb0103bc6b24fce07ea8267f2cb1d47acb817fd92b484d24503c1d7a",
    "https://esm.sh/v99/ajv@8.11.2/deno/dist/vocabularies/jtd/error.js": "eff74ec3c6ba7b6073b7bcbf3248d99c2903223d69e83980e4fc6acba63380e9",
    "https://esm.sh/v99/ajv@8.11.2/deno/dist/vocabularies/jtd/metadata.js": "cf7bb787af0d9f1f4b8120a4470581e9aa015cc7566efedb0bd9185ff78413f2",
    "https://esm.sh/v99/ajv@8.11.2/deno/dist/vocabularies/jtd/nullable.js": "b3e866fb62f3f97f6d9df1b28b57820c3f89cc8043796b9d5c7f549c21f3864e",
    "https://esm.sh/v99/ajv@8.11.2/deno/dist/vocabularies/jtd/optionalProperties.js": "ee215c6d4eb3f6c402a701e4f67b6b30441b2a809960f1eaab65a0d9851a678c",
    "https://esm.sh/v99/ajv@8.11.2/deno/dist/vocabularies/jtd/properties.js": "576d334513323508ae520a7fd90a98f3e0aab3d9138ff035f788d5f5b364305c",
    "https://esm.sh/v99/ajv@8.11.2/deno/dist/vocabularies/jtd/ref.js": "501eb08f75bd9c40e83f32629a812833150d72ed0d9b2b66c01427648469b156",
    "https://esm.sh/v99/ajv@8.11.2/deno/dist/vocabularies/jtd/type.js": "df52d244acc871e02f0c3ee79bbeafedf2b3d64f2a9896f52e251bc3f9c265b1",
    "https://esm.sh/v99/ajv@8.11.2/deno/dist/vocabularies/jtd/union.js": "66e2208777b596124239e91ea940fcbb25e965be959458cb9a0b69ddcc551d28",
    "https://esm.sh/v99/ajv@8.11.2/deno/dist/vocabularies/jtd/values.js": "73f357582372fe01711d43fc989e05e8a2beb7ad7ddfcc822ea72f4abab64f88",
    "https://esm.sh/v99/ajv@8.11.2/dist/ajv.d.ts": "e2efa41fff63778572ae1d04dc9d62048684aa8aad6edd0218e562402ea9e0ec",
    "https://esm.sh/v99/ajv@8.11.2/dist/compile/codegen/code.d.ts": "44a8d350600656882fd7462774e32e8d13788313ba2e36d2e8d5437ac91b98df",
    "https://esm.sh/v99/ajv@8.11.2/dist/compile/codegen/index.d.ts": "588d1dba3c12f1ebbadf77f2aa08e8a38a83b29cf65b130fc11c56f2aaa9e683",
    "https://esm.sh/v99/ajv@8.11.2/dist/compile/codegen/scope.d.ts": "f3240dc2b776444f567365f560f6ee112443e4bd03a26b37b6c730758d72d0d1",
    "https://esm.sh/v99/ajv@8.11.2/dist/compile/errors.d.ts": "65c56e41c3ad2867c1c179e7cb8fd4fcbb4cdaa172e2cc5242fbbfab4be089c0",
    "https://esm.sh/v99/ajv@8.11.2/dist/compile/index.d.ts": "e51f482b3176dd4397b6ce32a76d4e9a4ae6818347cf2103e155128b17f66040",
    "https://esm.sh/v99/ajv@8.11.2/dist/compile/ref_error.d.ts": "b5e33c3fb8302173827cb3ee68d45c9ff45d2e8ec2a9b347ede1f0b5e00ccdf3",
    "https://esm.sh/v99/ajv@8.11.2/dist/compile/resolve.d.ts": "4fab5d43623c37a9f6a06e2934a6a0d3fa4001d80d5641d749605c4a612c8126",
    "https://esm.sh/v99/ajv@8.11.2/dist/compile/rules.d.ts": "f8a27b1788592a39fb5b325a884d15ad56baaabd0dcadd307654aec5e5f5a3e4",
    "https://esm.sh/v99/ajv@8.11.2/dist/compile/util.d.ts": "dcdc51f35fcc305b6a729c6c8932582b6e2c335923bed51618906898301eb1e2",
    "https://esm.sh/v99/ajv@8.11.2/dist/compile/validate/dataType.d.ts": "d181e1cf7ee329610300aefb66051edeaed7729c67fd230aa028cae3ccdb508a",
    "https://esm.sh/v99/ajv@8.11.2/dist/compile/validate/index.d.ts": "3e1bff49fa21ad6c11d06b5074fd623443dbd5db8fed3bd78411232401a0313e",
    "https://esm.sh/v99/ajv@8.11.2/dist/compile/validate/subschema.d.ts": "7a51b087c896915b9605a6ec9d8ea6c2dee15e5a4a810a930c951f47a9c461c5",
    "https://esm.sh/v99/ajv@8.11.2/dist/core.d.ts": "d62c6bc07fa16ce2c90837f70805fac35d2afeb40fcf1befcedbe7d91188a691",
    "https://esm.sh/v99/ajv@8.11.2/dist/jtd.d.ts": "519cb950236813ba9fc546c0b06fd3d5d2c0a5dcbf900a6e6bf55c6dee2793c1",
    "https://esm.sh/v99/ajv@8.11.2/dist/runtime/validation_error.d.ts": "515ba5900e0017f5512f442a31826d4210ac782b9b6fad6dbfcab61b5f8c881f",
    "https://esm.sh/v99/ajv@8.11.2/dist/types/index.d.ts": "0119131311d07ec95c6d0bdd88d9c7f5f07334e23731182ffe0765a7a70be247",
    "https://esm.sh/v99/ajv@8.11.2/dist/types/json-schema.d.ts": "0fb8624f1f056f55f1a1a06411f5006930eaeacae23a2025b847ea4169e5e4ea",
    "https://esm.sh/v99/ajv@8.11.2/dist/types/jtd-schema.d.ts": "608eb9d411ac76e93a10e05f8aae92b3a5cefc87594219b737df7c8737ba2bd7",
    "https://esm.sh/v99/ajv@8.11.2/dist/vocabularies/applicator/additionalItems.d.ts": "a05f6c30ec1703a756587444de93048342ccceeb41f7002f0f92f68f2dde8387",
    "https://esm.sh/v99/ajv@8.11.2/dist/vocabularies/applicator/additionalProperties.d.ts": "a23a51ad728623fb4cb96227365d2f8247ade37a843fbab8db31b71e7a90cb2a",
    "https://esm.sh/v99/ajv@8.11.2/dist/vocabularies/applicator/anyOf.d.ts": "930471efe0320e1beb90a574dce5e01d02c6239784d191a6d94923adf421c229",
    "https://esm.sh/v99/ajv@8.11.2/dist/vocabularies/applicator/contains.d.ts": "6da04197ce9d2b630e3519689f7a310f27e0743b77de5754027606e690da6f0c",
    "https://esm.sh/v99/ajv@8.11.2/dist/vocabularies/applicator/dependencies.d.ts": "0d11a529fff4a701473d56241d7cab080b1ed04bff2795d0bf024e0dced083c1",
    "https://esm.sh/v99/ajv@8.11.2/dist/vocabularies/applicator/if.d.ts": "e4fd341538c02cf02dd74390a6cdf2a9bb7e171887f8eb1d483d8fcb8bde5ac2",
    "https://esm.sh/v99/ajv@8.11.2/dist/vocabularies/applicator/index.d.ts": "155b9d5f3d75dec4b253de8afe1d3cef1b0b8d7380ca46b2f2669c81beaeb24c",
    "https://esm.sh/v99/ajv@8.11.2/dist/vocabularies/applicator/items2020.d.ts": "cfde932318744080426df27b42d5d5ef6e500aa922d226f0d656621c60fd38b1",
    "https://esm.sh/v99/ajv@8.11.2/dist/vocabularies/applicator/not.d.ts": "8194df713caf2c965a5c4305c05df0af24693beee7d2577d9bb36acf64c609aa",
    "https://esm.sh/v99/ajv@8.11.2/dist/vocabularies/applicator/oneOf.d.ts": "c91e330bd3231658e61c8ceebee314c654c209c2dba3e0b288b26279b139251b",
    "https://esm.sh/v99/ajv@8.11.2/dist/vocabularies/applicator/propertyNames.d.ts": "886b7a0a2b87780dcd5fb34cb4c7fe3f972e847d0572a4aa84d28bafc609f6ed",
    "https://esm.sh/v99/ajv@8.11.2/dist/vocabularies/discriminator/index.d.ts": "689f3a77b73ec3ea96d04bf2527663b860e4944f24bf9f8b475e644a3df738e4",
    "https://esm.sh/v99/ajv@8.11.2/dist/vocabularies/discriminator/types.d.ts": "f93df1c782fce82d96d1efb8e2b694775ff62f451880317e8f0774381bd5aeec",
    "https://esm.sh/v99/ajv@8.11.2/dist/vocabularies/errors.d.ts": "e102e729562cf21c3ff3bade889e67ddbe9739b3ae9bf421a489dba60799327e",
    "https://esm.sh/v99/ajv@8.11.2/dist/vocabularies/format/format.d.ts": "094332dfe7cac20fadfce8a981c6b6e1a6bd3ddada39abdf3db023e6e29f3652",
    "https://esm.sh/v99/ajv@8.11.2/dist/vocabularies/jtd/discriminator.d.ts": "cba91091f98790302d85ffc27b005a9ee5b5b3f7ec553ee328909da544d69fed",
    "https://esm.sh/v99/ajv@8.11.2/dist/vocabularies/jtd/elements.d.ts": "7a128dba24457420c5abc24cf6aff977e9210c4384a55bc374fa2a561b0a902f",
    "https://esm.sh/v99/ajv@8.11.2/dist/vocabularies/jtd/enum.d.ts": "023eadd68f1f063ed452d1dfc000e42b1a34fa1c7d2c0a3079b8bdd65ac3fb31",
    "https://esm.sh/v99/ajv@8.11.2/dist/vocabularies/jtd/error.d.ts": "d021ccca4f92a4e76cdfd7c2e42c1b5e99275d31b5942fe9ece66a38ce3a06ba",
    "https://esm.sh/v99/ajv@8.11.2/dist/vocabularies/jtd/index.d.ts": "b2ec01645d9923e228508a544ad5cff889ba0e3fa69e7566c55028c34ff84fa8",
    "https://esm.sh/v99/ajv@8.11.2/dist/vocabularies/jtd/properties.d.ts": "a432b74d221668a3b0c0169c65d60455fdd0d3b1c55da6300aa126a8164e34f3",
    "https://esm.sh/v99/ajv@8.11.2/dist/vocabularies/jtd/type.d.ts": "d12a57c27f53dc5b144fb2956fe03cbf718751f8206aa6b2e4da46d7a719557e",
    "https://esm.sh/v99/ajv@8.11.2/dist/vocabularies/jtd/values.d.ts": "823d243831848f70d0c9cb040751e4496e61cb8a50b13d8f12f2ac457a91ecc9",
    "https://esm.sh/v99/ajv@8.11.2/dist/vocabularies/unevaluated/unevaluatedItems.d.ts": "e45a8753954a44dc04245929286a1b635079a871114ae84d077a5b96cdfec552",
    "https://esm.sh/v99/ajv@8.11.2/dist/vocabularies/unevaluated/unevaluatedProperties.d.ts": "1e01afe6d1e887f20f0ad8fe3ed9bc08185b8d859b5a853dbdf725ccfaca93cc",
    "https://esm.sh/v99/ajv@8.11.2/dist/vocabularies/validation/const.d.ts": "82c42939c2918e702a12e73f2c51ab6abb5429c102e12aa7c093fc805c91d1b8",
    "https://esm.sh/v99/ajv@8.11.2/dist/vocabularies/validation/dependentRequired.d.ts": "d9b8cf84ccf55c53a6c1b2ef0d79d93f049b1cfeccb85681ed1719d48b34e7ec",
    "https://esm.sh/v99/ajv@8.11.2/dist/vocabularies/validation/enum.d.ts": "d859c8ed2fafda1070d782cf0068649d93a183cf1279219141c394c3381ef768",
    "https://esm.sh/v99/ajv@8.11.2/dist/vocabularies/validation/index.d.ts": "0449f5628645ad4f740be9a2cd8b7909366df6e81e582f49cda8d82b64759f4f",
    "https://esm.sh/v99/ajv@8.11.2/dist/vocabularies/validation/limitNumber.d.ts": "05962ddcd9df29eea47ec9187f09c3dacd3c465d9d5738579ab45033c56e2c10",
    "https://esm.sh/v99/ajv@8.11.2/dist/vocabularies/validation/multipleOf.d.ts": "1fab6cb4063a79566d4b7ca09556e426a59e5558c30997dc673d77facc409e02",
    "https://esm.sh/v99/ajv@8.11.2/dist/vocabularies/validation/pattern.d.ts": "c099ecc3f4dcfc5bb4fc9e71c1d1a18f8588c087f6feb7cc52d02d2b97927f84",
    "https://esm.sh/v99/ajv@8.11.2/dist/vocabularies/validation/required.d.ts": "0e4f131494dc4bb9fd47641f74210eaa338522341f9f3f7459c16511bd83aa0e",
    "https://esm.sh/v99/ajv@8.11.2/dist/vocabularies/validation/uniqueItems.d.ts": "eba1aa84b15c2a50bf36157437b896eb20af93979dc2dbf268441e9d8fcf2df0",
    "https://esm.sh/v99/fast-deep-equal@3.1.3/deno/fast-deep-equal.js": "4695b025e9a792678087d71f58e1fa07e8021b636d22fda8c0320fcff65a3c47",
    "https://esm.sh/v99/json-schema-traverse@1.0.0/deno/json-schema-traverse.js": "ff987aaea4950aa9c4eea3ca19c9ec2b3229434e22e711415aa77fb513689a9c",
    "https://esm.sh/v99/uri-js@4.4.1/deno/uri-js.js": "2024de546511411f4aa3eeee1bdca7c6643190023909aa45a8c4cc9a5b6a0998",
    "https://esm.sh/v99/uri-js@4.4.1/dist/es5/uri.all.d.ts": "9f3c5498245c38c9016a369795ec5ef1768d09db63643c8dba9656e5ab294825"
  }
}
