{
  "version": "3",
  "remote": {
    "https://deno.land/std@0.210.0/fmt/colors.ts": "2685c524bef9b16b3059a417daf6860c754eb755e19e812762ef5dff62f24481",
    "https://deno.land/std@0.213.0/assert/_constants.ts": "a271e8ef5a573f1df8e822a6eb9d09df064ad66a4390f21b3e31f820a38e0975",
    "https://deno.land/std@0.213.0/assert/_diff.ts": "dcc63d94ca289aec80644030cf88ccbf7acaa6fbd7b0f22add93616b36593840",
    "https://deno.land/std@0.213.0/assert/_format.ts": "0ba808961bf678437fb486b56405b6fefad2cf87b5809667c781ddee8c32aff4",
    "https://deno.land/std@0.213.0/assert/assert.ts": "bec068b2fccdd434c138a555b19a2c2393b71dfaada02b7d568a01541e67cdc5",
    "https://deno.land/std@0.213.0/assert/assert_almost_equals.ts": "8b96b7385cc117668b0720115eb6ee73d04c9bcb2f5d2344d674918c9113688f",
    "https://deno.land/std@0.213.0/assert/assert_array_includes.ts": "1688d76317fd45b7e93ef9e2765f112fdf2b7c9821016cdfb380b9445374aed1",
    "https://deno.land/std@0.213.0/assert/assert_equals.ts": "4497c56fe7d2993b0d447926702802fc0becb44e319079e8eca39b482ee01b4e",
    "https://deno.land/std@0.213.0/assert/assert_exists.ts": "24a7bf965e634f909242cd09fbaf38bde6b791128ece08e33ab08586a7cc55c9",
    "https://deno.land/std@0.213.0/assert/assert_false.ts": "6f382568e5128c0f855e5f7dbda8624c1ed9af4fcc33ef4a9afeeedcdce99769",
    "https://deno.land/std@0.213.0/assert/assert_greater.ts": "4945cf5729f1a38874d7e589e0fe5cc5cd5abe5573ca2ddca9d3791aa891856c",
    "https://deno.land/std@0.213.0/assert/assert_greater_or_equal.ts": "573ed8823283b8d94b7443eb69a849a3c369a8eb9666b2d1db50c33763a5d219",
    "https://deno.land/std@0.213.0/assert/assert_instance_of.ts": "72dc1faff1e248692d873c89382fa1579dd7b53b56d52f37f9874a75b11ba444",
    "https://deno.land/std@0.213.0/assert/assert_is_error.ts": "6596f2b5ba89ba2fe9b074f75e9318cda97a2381e59d476812e30077fbdb6ed2",
    "https://deno.land/std@0.213.0/assert/assert_less.ts": "2b4b3fe7910f65f7be52212f19c3977ecb8ba5b2d6d0a296c83cde42920bb005",
    "https://deno.land/std@0.213.0/assert/assert_less_or_equal.ts": "b93d212fe669fbde959e35b3437ac9a4468f2e6b77377e7b6ea2cfdd825d38a0",
    "https://deno.land/std@0.213.0/assert/assert_match.ts": "ec2d9680ed3e7b9746ec57ec923a17eef6d476202f339ad91d22277d7f1d16e1",
    "https://deno.land/std@0.213.0/assert/assert_not_equals.ts": "f3edda73043bc2c9fae6cbfaa957d5c69bbe76f5291a5b0466ed132c8789df4c",
    "https://deno.land/std@0.213.0/assert/assert_not_instance_of.ts": "8f720d92d83775c40b2542a8d76c60c2d4aeddaf8713c8d11df8984af2604931",
    "https://deno.land/std@0.213.0/assert/assert_not_match.ts": "b4b7c77f146963e2b673c1ce4846473703409eb93f5ab0eb60f6e6f8aeffe39f",
    "https://deno.land/std@0.213.0/assert/assert_not_strict_equals.ts": "da0b8ab60a45d5a9371088378e5313f624799470c3b54c76e8b8abeec40a77be",
    "https://deno.land/std@0.213.0/assert/assert_object_match.ts": "e85e5eef62a56ce364c3afdd27978ccab979288a3e772e6855c270a7b118fa49",
    "https://deno.land/std@0.213.0/assert/assert_rejects.ts": "e9e0c8d9c3e164c7ac962c37b3be50577c5a2010db107ed272c4c1afb1269f54",
    "https://deno.land/std@0.213.0/assert/assert_strict_equals.ts": "0425a98f70badccb151644c902384c12771a93e65f8ff610244b8147b03a2366",
    "https://deno.land/std@0.213.0/assert/assert_string_includes.ts": "dfb072a890167146f8e5bdd6fde887ce4657098e9f71f12716ef37f35fb6f4a7",
    "https://deno.land/std@0.213.0/assert/assert_throws.ts": "edddd86b39606c342164b49ad88dd39a26e72a26655e07545d172f164b617fa7",
    "https://deno.land/std@0.213.0/assert/assertion_error.ts": "9f689a101ee586c4ce92f52fa7ddd362e86434ffdf1f848e45987dc7689976b8",
    "https://deno.land/std@0.213.0/assert/equal.ts": "fae5e8a52a11d3ac694bbe1a53e13a7969e3f60791262312e91a3e741ae519e2",
    "https://deno.land/std@0.213.0/assert/fail.ts": "f310e51992bac8e54f5fd8e44d098638434b2edb802383690e0d7a9be1979f1c",
    "https://deno.land/std@0.213.0/assert/mod.ts": "325df8c0683ad83a873b9691aa66b812d6275fc9fec0b2d180ac68a2c5efed3b",
    "https://deno.land/std@0.213.0/assert/unimplemented.ts": "47ca67d1c6dc53abd0bd729b71a31e0825fc452dbcd4fde4ca06789d5644e7fd",
    "https://deno.land/std@0.213.0/assert/unreachable.ts": "38cfecb95d8b06906022d2f9474794fca4161a994f83354fd079cac9032b5145",
    "https://deno.land/std@0.213.0/bytes/concat.ts": "9cac3b4376afbef98ff03588eb3cf948e0d1eb6c27cfe81a7651ab6dd3adc54a",
    "https://deno.land/std@0.213.0/bytes/copy.ts": "f29c03168853720dfe82eaa57793d0b9e3543ebfe5306684182f0f1e3bfd422a",
    "https://deno.land/std@0.213.0/crypto/_fnv/fnv32.ts": "ba2c5ef976b9f047d7ce2d33dfe18671afc75154bcf20ef89d932b2fe8820535",
    "https://deno.land/std@0.213.0/crypto/_fnv/fnv64.ts": "580cadfe2ff333fe253d15df450f927c8ac7e408b704547be26aab41b5772558",
    "https://deno.land/std@0.213.0/crypto/_fnv/mod.ts": "8dbb60f062a6e77b82f7a62ac11fabfba52c3cd408c21916b130d8f57a880f96",
    "https://deno.land/std@0.213.0/crypto/_fnv/util.ts": "27b36ce3440d0a180af6bf1cfc2c326f68823288540a354dc1d636b781b9b75f",
    "https://deno.land/std@0.213.0/crypto/_wasm/lib/deno_std_wasm_crypto.generated.mjs": "76c727912539737def4549bb62a96897f37eb334b979f49c57b8af7a1617635e",
    "https://deno.land/std@0.213.0/crypto/_wasm/mod.ts": "c55f91473846827f077dfd7e5fc6e2726dee5003b6a5747610707cdc638a22ba",
    "https://deno.land/std@0.213.0/crypto/crypto.ts": "633e3ac52c496c52b1b6815dc6565db9af93a316665d2719bf7457f7342f372c",
    "https://deno.land/std@0.213.0/encoding/_util.ts": "beacef316c1255da9bc8e95afb1fa56ed69baef919c88dc06ae6cb7a6103d376",
    "https://deno.land/std@0.213.0/encoding/base64.ts": "0ec6d6e6b68fc38f6396277e5184bcd47c1a9db0222fd0b563487eb67e352741",
    "https://deno.land/std@0.213.0/flags/mod.ts": "58da4edceb20cbcb30fba78583e64525177aff1d80fb6b7f8bea85ecfd21463b",
    "https://deno.land/std@0.213.0/fmt/colors.ts": "aeaee795471b56fc62a3cb2e174ed33e91551b535f44677f6320336aabb54fbb",
    "https://deno.land/std@0.213.0/io/_common.ts": "36705cdb4dfcd338d6131bca1b16e48a4d5bf0d1dada6ce397268e88c17a5835",
    "https://deno.land/std@0.213.0/io/_constants.ts": "3c7ad4695832e6e4a32e35f218c70376b62bc78621ef069a4a0a3d55739f8856",
    "https://deno.land/std@0.213.0/io/buf_reader.ts": "ccbd43ace0a9eebbd5e1b4765724b79da79d1e28b90c2b08537b99192da4a1f7",
    "https://deno.land/std@0.213.0/io/buf_writer.ts": "bf68b9c74b1bccf51b9960c54db5eec60e7e3d922c7c62781b0d3971770021ba",
    "https://deno.land/std@0.213.0/io/buffer.ts": "79182995c8340ece2fa8763a8da86d282c507e854921d0a4c2ba7425c63609ef",
    "https://deno.land/std@0.213.0/io/copy.ts": "63c6a4acf71fb1e89f5e47a7b3b2972f9d2c56dd645560975ead72db7eb23f61",
    "https://deno.land/std@0.213.0/io/copy_n.ts": "e4a169b8965b69e6a05175d06bf14565caa91266143ec895e54e95b6cdb27cf2",
    "https://deno.land/std@0.213.0/io/limited_reader.ts": "2b3e6c2d134bbbabbc918584db5fd2f8b21091843357f75af0d9f262cb5c94c1",
    "https://deno.land/std@0.213.0/io/mod.ts": "571384032c5f60530542a28f2e8b0e73e47e87eca77056ba7e2363f4d4a4573a",
    "https://deno.land/std@0.213.0/io/multi_reader.ts": "ca8a7813208a3393dfaed75894d955fe58a38c21b880e69839a4e0547eadbf61",
    "https://deno.land/std@0.213.0/io/read_all.ts": "876c1cb20adea15349c72afc86cecd3573335845ae778967aefb5e55fe5a8a4a",
    "https://deno.land/std@0.213.0/io/read_delim.ts": "fb0884d97adc398877c6f59e1d1450be12e078790f52845fae7876dc119bb8f6",
    "https://deno.land/std@0.213.0/io/read_int.ts": "6ada4e0eec5044982df530e4de804e32ae757a2c318b57eba622d893841ffe2a",
    "https://deno.land/std@0.213.0/io/read_lines.ts": "34555eaa25269f6cfb9a842a03daedc9eae4f8295c8f933bd2b1639274ce89e3",
    "https://deno.land/std@0.213.0/io/read_long.ts": "199cba44526464f8499e1f3d96008d513bcadc8e5665356a9b84425cac6b16ad",
    "https://deno.land/std@0.213.0/io/read_range.ts": "a0c930ea61fdc3ea5520be4df34a7927fe8a2d6da9b04bfaa7b9588ef2e1a718",
    "https://deno.land/std@0.213.0/io/read_short.ts": "73777709ad41b6faeff3638c275a329cc820c1082f4dad07909f48875a35a71d",
    "https://deno.land/std@0.213.0/io/read_string_delim.ts": "8c604ceea5c3c7ab244583570b467ce194238ace6d49b1d47f25d4f75de86d59",
    "https://deno.land/std@0.213.0/io/slice_long_to_bytes.ts": "9769174a8f3b4449f1e1af1a79f78e58ef84d0aaf2f457e1fdc31a01f92439b7",
    "https://deno.land/std@0.213.0/io/string_reader.ts": "b0176211e61e235a684abef722e7ecc7a6481238ba264f1a7b199b8a1d2a62f5",
    "https://deno.land/std@0.213.0/io/string_writer.ts": "4fe4dcbdadff11c726bf79b0239e14fa9b1e8468a795b465622e4dbd6c1f819c",
    "https://deno.land/std@0.213.0/io/to_readable_stream.ts": "ed03a44a1ec1cc55a85a857acf6cac472035298f6f3b6207ea209f93b4aefb39",
    "https://deno.land/std@0.213.0/io/to_writable_stream.ts": "ef422e0425963c8a1e0481674e66c3023da50f0acbe5ef51ec9789efc3c1e2ed",
    "https://deno.land/std@0.213.0/io/types.ts": "748bbb3ac96abda03594ef5a0db15ce5450dcc6c0d841c8906f8b10ac8d32c96",
    "https://deno.land/std@0.213.0/io/write_all.ts": "24aac2312bb21096ae3ae0b102b22c26164d3249dff96dbac130958aa736f038",
    "https://deno.land/std@0.213.0/path/_common/assert_path.ts": "2ca275f36ac1788b2acb60fb2b79cb06027198bc2ba6fb7e163efaedde98c297",
    "https://deno.land/std@0.213.0/path/_common/basename.ts": "569744855bc8445f3a56087fd2aed56bdad39da971a8d92b138c9913aecc5fa2",
    "https://deno.land/std@0.213.0/path/_common/common.ts": "6157c7ec1f4db2b4a9a187efd6ce76dcaf1e61cfd49f87e40d4ea102818df031",
    "https://deno.land/std@0.213.0/path/_common/constants.ts": "dc5f8057159f4b48cd304eb3027e42f1148cf4df1fb4240774d3492b5d12ac0c",
    "https://deno.land/std@0.213.0/path/_common/dirname.ts": "684df4aa71a04bbcc346c692c8485594fc8a90b9408dfbc26ff32cf3e0c98cc8",
    "https://deno.land/std@0.213.0/path/_common/format.ts": "92500e91ea5de21c97f5fe91e178bae62af524b72d5fcd246d6d60ae4bcada8b",
    "https://deno.land/std@0.213.0/path/_common/from_file_url.ts": "d672bdeebc11bf80e99bf266f886c70963107bdd31134c4e249eef51133ceccf",
    "https://deno.land/std@0.213.0/path/_common/glob_to_reg_exp.ts": "2007aa87bed6eb2c8ae8381adcc3125027543d9ec347713c1ad2c68427330770",
    "https://deno.land/std@0.213.0/path/_common/normalize.ts": "684df4aa71a04bbcc346c692c8485594fc8a90b9408dfbc26ff32cf3e0c98cc8",
    "https://deno.land/std@0.213.0/path/_common/normalize_string.ts": "dfdf657a1b1a7db7999f7c575ee7e6b0551d9c20f19486c6c3f5ff428384c965",
    "https://deno.land/std@0.213.0/path/_common/relative.ts": "faa2753d9b32320ed4ada0733261e3357c186e5705678d9dd08b97527deae607",
    "https://deno.land/std@0.213.0/path/_common/strip_trailing_separators.ts": "7024a93447efcdcfeaa9339a98fa63ef9d53de363f1fbe9858970f1bba02655a",
    "https://deno.land/std@0.213.0/path/_common/to_file_url.ts": "7f76adbc83ece1bba173e6e98a27c647712cab773d3f8cbe0398b74afc817883",
    "https://deno.land/std@0.213.0/path/_interface.ts": "a1419fcf45c0ceb8acdccc94394e3e94f99e18cfd32d509aab514c8841799600",
    "https://deno.land/std@0.213.0/path/_os.ts": "8fb9b90fb6b753bd8c77cfd8a33c2ff6c5f5bc185f50de8ca4ac6a05710b2c15",
    "https://deno.land/std@0.213.0/path/basename.ts": "5d341aadb7ada266e2280561692c165771d071c98746fcb66da928870cd47668",
    "https://deno.land/std@0.213.0/path/common.ts": "03e52e22882402c986fe97ca3b5bb4263c2aa811c515ce84584b23bac4cc2643",
    "https://deno.land/std@0.213.0/path/constants.ts": "0c206169ca104938ede9da48ac952de288f23343304a1c3cb6ec7625e7325f36",
    "https://deno.land/std@0.213.0/path/dirname.ts": "85bd955bf31d62c9aafdd7ff561c4b5fb587d11a9a5a45e2b01aedffa4238a7c",
    "https://deno.land/std@0.213.0/path/extname.ts": "593303db8ae8c865cbd9ceec6e55d4b9ac5410c1e276bfd3131916591b954441",
    "https://deno.land/std@0.213.0/path/format.ts": "98fad25f1af7b96a48efb5b67378fcc8ed77be895df8b9c733b86411632162af",
    "https://deno.land/std@0.213.0/path/from_file_url.ts": "911833ae4fd10a1c84f6271f36151ab785955849117dc48c6e43b929504ee069",
    "https://deno.land/std@0.213.0/path/glob_to_regexp.ts": "83c5fd36a8c86f5e72df9d0f45317f9546afa2ce39acaafe079d43a865aced08",
    "https://deno.land/std@0.213.0/path/is_absolute.ts": "4791afc8bfd0c87f0526eaa616b0d16e7b3ab6a65b62942e50eac68de4ef67d7",
    "https://deno.land/std@0.213.0/path/is_glob.ts": "a65f6195d3058c3050ab905705891b412ff942a292bcbaa1a807a74439a14141",
    "https://deno.land/std@0.213.0/path/join.ts": "ae2ec5ca44c7e84a235fd532e4a0116bfb1f2368b394db1c4fb75e3c0f26a33a",
    "https://deno.land/std@0.213.0/path/join_globs.ts": "e9589869a33dc3982101898ee50903db918ca00ad2614dbe3934d597d7b1fbea",
    "https://deno.land/std@0.213.0/path/mod.ts": "ffeaccb713dbe6c72e015b7c767f753f8ec5fbc3b621ff5eeee486ffc2c0ddda",
    "https://deno.land/std@0.213.0/path/normalize.ts": "4155743ccceeed319b350c1e62e931600272fad8ad00c417b91df093867a8352",
    "https://deno.land/std@0.213.0/path/normalize_glob.ts": "98ee8268fad271193603271c203ae973280b5abfbdd2cbca1053fd2af71869ca",
    "https://deno.land/std@0.213.0/path/parse.ts": "65e8e285f1a63b714e19ef24b68f56e76934c3df0b6e65fd440d3991f4f8aefb",
    "https://deno.land/std@0.213.0/path/posix/_util.ts": "1e3937da30f080bfc99fe45d7ed23c47dd8585c5e473b2d771380d3a6937cf9d",
    "https://deno.land/std@0.213.0/path/posix/basename.ts": "39ee27a29f1f35935d3603ccf01d53f3d6e0c5d4d0f84421e65bd1afeff42843",
    "https://deno.land/std@0.213.0/path/posix/common.ts": "26f60ccc8b2cac3e1613000c23ac5a7d392715d479e5be413473a37903a2b5d4",
    "https://deno.land/std@0.213.0/path/posix/constants.ts": "93481efb98cdffa4c719c22a0182b994e5a6aed3047e1962f6c2c75b7592bef1",
    "https://deno.land/std@0.213.0/path/posix/dirname.ts": "6535d2bdd566118963537b9dda8867ba9e2a361015540dc91f5afbb65c0cce8b",
    "https://deno.land/std@0.213.0/path/posix/extname.ts": "8d36ae0082063c5e1191639699e6f77d3acf501600a3d87b74943f0ae5327427",
    "https://deno.land/std@0.213.0/path/posix/format.ts": "185e9ee2091a42dd39e2a3b8e4925370ee8407572cee1ae52838aed96310c5c1",
    "https://deno.land/std@0.213.0/path/posix/from_file_url.ts": "951aee3a2c46fd0ed488899d024c6352b59154c70552e90885ed0c2ab699bc40",
    "https://deno.land/std@0.213.0/path/posix/glob_to_regexp.ts": "54d3ff40f309e3732ab6e5b19d7111d2d415248bcd35b67a99defcbc1972e697",
    "https://deno.land/std@0.213.0/path/posix/is_absolute.ts": "cebe561ad0ae294f0ce0365a1879dcfca8abd872821519b4fcc8d8967f888ede",
    "https://deno.land/std@0.213.0/path/posix/is_glob.ts": "8a8b08c08bf731acf2c1232218f1f45a11131bc01de81e5f803450a5914434b9",
    "https://deno.land/std@0.213.0/path/posix/join.ts": "aef88d5fa3650f7516730865dbb951594d1a955b785e2450dbee93b8e32694f3",
    "https://deno.land/std@0.213.0/path/posix/join_globs.ts": "ee2f4676c5b8a0dfa519da58b8ade4d1c4aa8dd3fe35619edec883ae9df1f8c9",
    "https://deno.land/std@0.213.0/path/posix/mod.ts": "563a18c2b3ddc62f3e4a324ff0f583e819b8602a72ad880cb98c9e2e34f8db5b",
    "https://deno.land/std@0.213.0/path/posix/normalize.ts": "baeb49816a8299f90a0237d214cef46f00ba3e95c0d2ceb74205a6a584b58a91",
    "https://deno.land/std@0.213.0/path/posix/normalize_glob.ts": "65f0138fa518ef9ece354f32889783fc38cdf985fb02dcf1c3b14fa47d665640",
    "https://deno.land/std@0.213.0/path/posix/parse.ts": "d5bac4eb21262ab168eead7e2196cb862940c84cee572eafedd12a0d34adc8fb",
    "https://deno.land/std@0.213.0/path/posix/relative.ts": "3907d6eda41f0ff723d336125a1ad4349112cd4d48f693859980314d5b9da31c",
    "https://deno.land/std@0.213.0/path/posix/resolve.ts": "bac20d9921beebbbb2b73706683b518b1d0c1b1da514140cee409e90d6b2913a",
    "https://deno.land/std@0.213.0/path/posix/separator.ts": "c9ecae5c843170118156ac5d12dc53e9caf6a1a4c96fc8b1a0ab02dff5c847b0",
    "https://deno.land/std@0.213.0/path/posix/to_file_url.ts": "7aa752ba66a35049e0e4a4be5a0a31ac6b645257d2e031142abb1854de250aaf",
    "https://deno.land/std@0.213.0/path/posix/to_namespaced_path.ts": "28b216b3c76f892a4dca9734ff1cc0045d135532bfd9c435ae4858bfa5a2ebf0",
    "https://deno.land/std@0.213.0/path/relative.ts": "ab739d727180ed8727e34ed71d976912461d98e2b76de3d3de834c1066667add",
    "https://deno.land/std@0.213.0/path/resolve.ts": "a6f977bdb4272e79d8d0ed4333e3d71367cc3926acf15ac271f1d059c8494d8d",
    "https://deno.land/std@0.213.0/path/separator.ts": "c6c890507f944a1f5cb7d53b8d638d6ce3cf0f34609c8d84a10c1eaa400b77a9",
    "https://deno.land/std@0.213.0/path/to_file_url.ts": "88f049b769bce411e2d2db5bd9e6fd9a185a5fbd6b9f5ad8f52bef517c4ece1b",
    "https://deno.land/std@0.213.0/path/to_namespaced_path.ts": "b706a4103b104cfadc09600a5f838c2ba94dbcdb642344557122dda444526e40",
    "https://deno.land/std@0.213.0/path/windows/_util.ts": "d5f47363e5293fced22c984550d5e70e98e266cc3f31769e1710511803d04808",
    "https://deno.land/std@0.213.0/path/windows/basename.ts": "e2dbf31d1d6385bfab1ce38c333aa290b6d7ae9e0ecb8234a654e583cf22f8fe",
    "https://deno.land/std@0.213.0/path/windows/common.ts": "26f60ccc8b2cac3e1613000c23ac5a7d392715d479e5be413473a37903a2b5d4",
    "https://deno.land/std@0.213.0/path/windows/constants.ts": "5afaac0a1f67b68b0a380a4ef391bf59feb55856aa8c60dfc01bd3b6abb813f5",
    "https://deno.land/std@0.213.0/path/windows/dirname.ts": "33e421be5a5558a1346a48e74c330b8e560be7424ed7684ea03c12c21b627bc9",
    "https://deno.land/std@0.213.0/path/windows/extname.ts": "165a61b00d781257fda1e9606a48c78b06815385e7d703232548dbfc95346bef",
    "https://deno.land/std@0.213.0/path/windows/format.ts": "bbb5ecf379305b472b1082cd2fdc010e44a0020030414974d6029be9ad52aeb6",
    "https://deno.land/std@0.213.0/path/windows/from_file_url.ts": "ced2d587b6dff18f963f269d745c4a599cf82b0c4007356bd957cb4cb52efc01",
    "https://deno.land/std@0.213.0/path/windows/glob_to_regexp.ts": "6dcd1242bd8907aa9660cbdd7c93446e6927b201112b0cba37ca5d80f81be51b",
    "https://deno.land/std@0.213.0/path/windows/is_absolute.ts": "4a8f6853f8598cf91a835f41abed42112cebab09478b072e4beb00ec81f8ca8a",
    "https://deno.land/std@0.213.0/path/windows/is_glob.ts": "8a8b08c08bf731acf2c1232218f1f45a11131bc01de81e5f803450a5914434b9",
    "https://deno.land/std@0.213.0/path/windows/join.ts": "e0b3356615c1a75c56ebb6a7311157911659e11fd533d80d724800126b761ac3",
    "https://deno.land/std@0.213.0/path/windows/join_globs.ts": "ee2f4676c5b8a0dfa519da58b8ade4d1c4aa8dd3fe35619edec883ae9df1f8c9",
    "https://deno.land/std@0.213.0/path/windows/mod.ts": "7d6062927bda47c47847ffb55d8f1a37b0383840aee5c7dfc93984005819689c",
    "https://deno.land/std@0.213.0/path/windows/normalize.ts": "78126170ab917f0ca355a9af9e65ad6bfa5be14d574c5fb09bb1920f52577780",
    "https://deno.land/std@0.213.0/path/windows/normalize_glob.ts": "179c86ba89f4d3fe283d2addbe0607341f79ee9b1ae663abcfb3439db2e97810",
    "https://deno.land/std@0.213.0/path/windows/parse.ts": "b9239edd892a06a06625c1b58425e199f018ce5649ace024d144495c984da734",
    "https://deno.land/std@0.213.0/path/windows/relative.ts": "3e1abc7977ee6cc0db2730d1f9cb38be87b0ce4806759d271a70e4997fc638d7",
    "https://deno.land/std@0.213.0/path/windows/resolve.ts": "75b2e3e1238d840782cee3d8864d82bfaa593c7af8b22f19c6422cf82f330ab3",
    "https://deno.land/std@0.213.0/path/windows/separator.ts": "e51c5522140eff4f8402617c5c68a201fdfa3a1a8b28dc23587cff931b665e43",
    "https://deno.land/std@0.213.0/path/windows/to_file_url.ts": "1cd63fd35ec8d1370feaa4752eccc4cc05ea5362a878be8dc7db733650995484",
    "https://deno.land/std@0.213.0/path/windows/to_namespaced_path.ts": "4ffa4fb6fae321448d5fe810b3ca741d84df4d7897e61ee29be961a6aac89a4c",
    "https://deno.land/std@0.213.0/uuid/_common.ts": "05c787c5735776c4e48e30294878332c39cb7738f50b209df4eb9f2b0facce4d",
    "https://deno.land/std@0.213.0/uuid/constants.ts": "eb6c96871e968adf3355507d7ae79adce71525fd6c1ca55c51d32ace0196d64e",
    "https://deno.land/std@0.213.0/uuid/mod.ts": "b9cb1cf73c3d87e15817486df7e885a63b74a7384768a927c708ccd045fcbf78",
    "https://deno.land/std@0.213.0/uuid/v1.ts": "a089755e9ba5a172f3d568b617164d4692bd71e548b018e039d1bcb17d4f1bb6",
    "https://deno.land/std@0.213.0/uuid/v3.ts": "aff081baee55498ed5804d006735a77b252ac1645e3b418058807218371de577",
    "https://deno.land/std@0.213.0/uuid/v4.ts": "8a9c60c887446651be5d50b468a3d702b87bb821fc35f0edcb5515c3bc07b256",
    "https://deno.land/std@0.213.0/uuid/v5.ts": "f6771dc89e89f26e74a9b51d25d6b711c27d2ddf3a3650312dd46e7edfe2491e",
    "https://deno.land/x/another_cookiejar@v5.0.4/cookie.ts": "2be7548d01a3a9df97deb187761a843a77fd824057478919abf1e1e89ae1eb2e",
    "https://deno.land/x/another_cookiejar@v5.0.4/cookie_jar.ts": "e47d7b2c608bcd9600fd26825b600946f16ae167216cea71935049188d2fc6d1",
    "https://deno.land/x/another_cookiejar@v5.0.4/fetch_wrapper.ts": "73434cb1b7d5e595eecdcc23e60af6fbc099b9e4cb82bb92d9f1617a85516286",
    "https://deno.land/x/another_cookiejar@v5.0.4/mod.ts": "eff949014965771f2cd447fe78625a1ad28b59333afa40640f02c0922534d89a",
    "https://deno.land/x/msgpack@v1.4/CachedKeyDecoder.ts": "c39b6f1572902ae08c0e4971f639e81031ac59403957fc43c6fb3c7fe69d99a1",
    "https://deno.land/x/msgpack@v1.4/Decoder.ts": "bdb68309cd51da2b9a897f269784c6d636796258838a97f25b0e1b399c6f369b",
    "https://deno.land/x/msgpack@v1.4/Encoder.ts": "4852bbacb30cd66eb2bd61a9e20476802458b991e13aacb5eb984d0348247ffe",
    "https://deno.land/x/msgpack@v1.4/ExtData.ts": "8d97fe43568e119a1eeb93e1ef1c431e0a24e392fb0c6ffed775aac1e579f244",
    "https://deno.land/x/msgpack@v1.4/ExtensionCodec.ts": "e8a24eb1786156239f589cc3058c8ff3d79ed393f420c40fdf7a93df943c91f2",
    "https://deno.land/x/msgpack@v1.4/context.ts": "6228de10854dbadf6aef096960af0115214078ec3784eca4565587769fde3d1c",
    "https://deno.land/x/msgpack@v1.4/decode.ts": "c808aeec46f6d0e5b28d0bbacd40e78d0a3614b229368c70db2e53c03f7555ca",
    "https://deno.land/x/msgpack@v1.4/decodeAsync.ts": "19e4f33ba0cc8d200b857deb9721bace863c0e89f7bff73e2b04379e4ee85bad",
    "https://deno.land/x/msgpack@v1.4/encode.ts": "c5598f8eec9efcbd0ef07f246ade049a8f4906703cdb601baf03b2774b293916",
    "https://deno.land/x/msgpack@v1.4/mod.ts": "c28290db26b1ea027e1798085fd6c8055685ea086f1418d54a33542b285633c9",
    "https://deno.land/x/msgpack@v1.4/timestamp.ts": "5169949efe39bc24f58cd5dcaae682cdf5353c762a54abf9ae6e18c8d9feb648",
    "https://deno.land/x/msgpack@v1.4/utils/int.ts": "b08743982f954d2dd7f4f11d868019576b63cb8147d8acc1bce3843f39398188",
    "https://deno.land/x/msgpack@v1.4/utils/prettyByte.ts": "35c8104d57ba2a727056beaf1063bbe941d512cdd23ce6b04d7c5b44dafcd46e",
    "https://deno.land/x/msgpack@v1.4/utils/stream.ts": "1315e29af5c1a40d97bfa6f1c4f7f73d26067b912236f56851981f2f049500b8",
    "https://deno.land/x/msgpack@v1.4/utils/typedArrays.ts": "bb819c2f28cf7f85ed50b2e57f108462715555cc61ce315e8134cf1eef2ae662",
    "https://deno.land/x/msgpack@v1.4/utils/utf8.ts": "93183055a7a41986080eeb711e83d553e7c8b121642da4379a5adf253b7beefd",
    "https://deno.land/x/murmurhash@v1.0.0/mod.ts": "13fd2c5534dfd22ffbfcd4255ea13e47a2f2b99e9c90a83dc43e814a0e278829",
    "https://deno.land/x/progress@v1.4.5/deps.ts": "f2886f3f87af20b397ffcf9723a0fabc5893491ce9ce7615a37b1d7a38539247",
    "https://deno.land/x/progress@v1.4.5/mod.ts": "e26996fb5f23863c3402133896a9739ea4059b155a3d89ba207cad10b50524ea",
    "https://deno.land/x/progress@v1.4.5/multi.ts": "bf50eff76d4c1b1b1a3118e73a58631b19b0b30e0dd4166ae4ef0886efae88a5",
    "https://deno.land/x/progress@v1.4.5/time.ts": "001198ff9fe2a452830515fc944665c4369990102978b325e1c9094486cfd8ab",
    "https://deno.land/x/semaphore@v1.1.2/mod.ts": "431abb51927a16c537cec1cfb05bf2de6a8f3916331f1ec3f9f13ad7ad6a4ea5",
    "https://deno.land/x/semaphore@v1.1.2/mutex.ts": "2cc6490481f0fdfe97c6b326a2073819d76b76eac3877864a8ada6a2127492f2",
    "https://deno.land/x/semaphore@v1.1.2/semaphore.ts": "a3da40292cd49c3f31be392aa16831d00c1ddf6daca50dd74eb61aa6ae8f52a3",
    "https://deno.land/x/ts_essentials@v9.1.2/lib/functions.ts": "20681c98ce82d503dba56f5ef9313c196f18a2317ce7c0c331cc3fdea0d56688",
    "https://deno.land/x/ts_essentials@v9.1.2/lib/literal-types/mod.ts": "c1b9e16a7e49814e9509bed8a5dec25b717761a37d0ef1589d411bd6130dd2e5",
    "https://deno.land/x/ts_essentials@v9.1.2/lib/mod.ts": "d7e44a25aa621425ffd118a0210a492c5c354411018e2db648a68614d5901f5b",
    "https://deno.land/x/ts_essentials@v9.1.2/lib/types.ts": "7ee99797a880948c07020e90d569ca3c5d465c378949262110283aa7856f5603",
    "https://deno.land/x/ts_essentials@v9.1.2/mod.ts": "ffae461c16d4a1bf24c2179582ab8d5c81ad0df61e4ae2fba51ef5e5bdf90345"
  }
}
